
Microsoft Visual Studio Solution File, Format Version 12.00
# Visual Studio 2013
VisualStudioVersion = 12.0.21005.1
MinimumVisualStudioVersion = 10.0.40219.1
Project("{FAE04EC0-301F-11D3-BF4B-00C04F79EFBC}") = "Presentation", "Build a Bike\Presentation.csproj", "{0D1FA914-8A82-4A81-9074-6EA65DEC6DF9}"
EndProject
Project("{FAE04EC0-301F-11D3-BF4B-00C04F79EFBC}") = "Business", "Build-A-Bike\Business.csproj", "{61F6A494-08B9-475B-BBE7-4EFAF8B4FAE2}"
EndProject
Project("{FAE04EC0-301F-11D3-BF4B-00C04F79EFBC}") = "UnitTests", "UnitTests\UnitTests.csproj", "{F0F68B74-7DA6-494C-8FDA-2CE33F50CD6E}"
EndProject
Global
	GlobalSection(SolutionConfigurationPlatforms) = preSolution
		Debug|Any CPU = Debug|Any CPU
		Release|Any CPU = Release|Any CPU
	EndGlobalSection
	GlobalSection(ProjectConfigurationPlatforms) = postSolution
		{0D1FA914-8A82-4A81-9074-6EA65DEC6DF9}.Debug|Any CPU.ActiveCfg = Debug|Any CPU
		{0D1FA914-8A82-4A81-9074-6EA65DEC6DF9}.Debug|Any CPU.Build.0 = Debug|Any CPU
		{0D1FA914-8A82-4A81-9074-6EA65DEC6DF9}.Release|Any CPU.ActiveCfg = Release|Any CPU
		{0D1FA914-8A82-4A81-9074-6EA65DEC6DF9}.Release|Any CPU.Build.0 = Release|Any CPU
		{61F6A494-08B9-475B-BBE7-4EFAF8B4FAE2}.Debug|Any CPU.ActiveCfg = Debug|Any CPU
		{61F6A494-08B9-475B-BBE7-4EFAF8B4FAE2}.Debug|Any CPU.Build.0 = Debug|Any CPU
		{61F6A494-08B9-475B-BBE7-4EFAF8B4FAE2}.Release|Any CPU.ActiveCfg = Release|Any CPU
		{61F6A494-08B9-475B-BBE7-4EFAF8B4FAE2}.Release|Any CPU.Build.0 = Release|Any CPU
		{F0F68B74-7DA6-494C-8FDA-2CE33F50CD6E}.Debug|Any CPU.ActiveCfg = Debug|Any CPU
		{F0F68B74-7DA6-494C-8FDA-2CE33F50CD6E}.Debug|Any CPU.Build.0 = Debug|Any CPU
		{F0F68B74-7DA6-494C-8FDA-2CE33F50CD6E}.Release|Any CPU.ActiveCfg = Release|Any CPU
		{F0F68B74-7DA6-494C-8FDA-2CE33F50CD6E}.Release|Any CPU.Build.0 = Release|Any CPU
	EndGlobalSection
	GlobalSection(SolutionProperties) = preSolution
		HideSolutionNode = FALSE
	EndGlobalSection
EndGlobal
